
Microsoft Visual Studio Solution File, Format Version 12.00
# Visual Studio Version 17
VisualStudioVersion = 17.11.35327.3
MinimumVisualStudioVersion = 10.0.40219.1
Project("{FAE04EC0-301F-11D3-BF4B-00C04F79EFBC}") = "DataAccess", "DataAccess\DataAccess.csproj", "{627159F5-EDCC-4A87-BE6C-0CED427B6612}"
EndProject
Project("{FAE04EC0-301F-11D3-BF4B-00C04F79EFBC}") = "BusinessObject", "BusinessObject\BusinessObject.csproj", "{E3285BB0-4F84-4025-8573-0EFC34373BB4}"
EndProject
Project("{FAE04EC0-301F-11D3-BF4B-00C04F79EFBC}") = "Repositories", "Repositories\Repositories.csproj", "{17C75503-3BEE-488B-AB10-C343806DA625}"
EndProject
Project("{FAE04EC0-301F-11D3-BF4B-00C04F79EFBC}") = "Services", "Services\Services.csproj", "{E95AEBA1-51AC-4E7C-8676-C5690A5BD741}"
EndProject
Project("{FAE04EC0-301F-11D3-BF4B-00C04F79EFBC}") = "HouseKeeperConnect_API", "HouseKeeperConnect_API\HouseKeeperConnect_API.csproj", "{976E9466-C219-4220-BFA6-0E169689FA74}"
EndProject
Global
	GlobalSection(SolutionConfigurationPlatforms) = preSolution
		Debug|Any CPU = Debug|Any CPU
		Release|Any CPU = Release|Any CPU
	EndGlobalSection
	GlobalSection(ProjectConfigurationPlatforms) = postSolution
		{627159F5-EDCC-4A87-BE6C-0CED427B6612}.Debug|Any CPU.ActiveCfg = Debug|Any CPU
		{627159F5-EDCC-4A87-BE6C-0CED427B6612}.Debug|Any CPU.Build.0 = Debug|Any CPU
		{627159F5-EDCC-4A87-BE6C-0CED427B6612}.Release|Any CPU.ActiveCfg = Release|Any CPU
		{627159F5-EDCC-4A87-BE6C-0CED427B6612}.Release|Any CPU.Build.0 = Release|Any CPU
		{E3285BB0-4F84-4025-8573-0EFC34373BB4}.Debug|Any CPU.ActiveCfg = Debug|Any CPU
		{E3285BB0-4F84-4025-8573-0EFC34373BB4}.Debug|Any CPU.Build.0 = Debug|Any CPU
		{E3285BB0-4F84-4025-8573-0EFC34373BB4}.Release|Any CPU.ActiveCfg = Release|Any CPU
		{E3285BB0-4F84-4025-8573-0EFC34373BB4}.Release|Any CPU.Build.0 = Release|Any CPU
		{17C75503-3BEE-488B-AB10-C343806DA625}.Debug|Any CPU.ActiveCfg = Debug|Any CPU
		{17C75503-3BEE-488B-AB10-C343806DA625}.Debug|Any CPU.Build.0 = Debug|Any CPU
		{17C75503-3BEE-488B-AB10-C343806DA625}.Release|Any CPU.ActiveCfg = Release|Any CPU
		{17C75503-3BEE-488B-AB10-C343806DA625}.Release|Any CPU.Build.0 = Release|Any CPU
		{E95AEBA1-51AC-4E7C-8676-C5690A5BD741}.Debug|Any CPU.ActiveCfg = Debug|Any CPU
		{E95AEBA1-51AC-4E7C-8676-C5690A5BD741}.Debug|Any CPU.Build.0 = Debug|Any CPU
		{E95AEBA1-51AC-4E7C-8676-C5690A5BD741}.Release|Any CPU.ActiveCfg = Release|Any CPU
		{E95AEBA1-51AC-4E7C-8676-C5690A5BD741}.Release|Any CPU.Build.0 = Release|Any CPU
		{976E9466-C219-4220-BFA6-0E169689FA74}.Debug|Any CPU.ActiveCfg = Debug|Any CPU
		{976E9466-C219-4220-BFA6-0E169689FA74}.Debug|Any CPU.Build.0 = Debug|Any CPU
		{976E9466-C219-4220-BFA6-0E169689FA74}.Release|Any CPU.ActiveCfg = Release|Any CPU
		{976E9466-C219-4220-BFA6-0E169689FA74}.Release|Any CPU.Build.0 = Release|Any CPU
	EndGlobalSection
	GlobalSection(SolutionProperties) = preSolution
		HideSolutionNode = FALSE
	EndGlobalSection
	GlobalSection(ExtensibilityGlobals) = postSolution
		SolutionGuid = {98D2321F-150E-4488-BE2C-10E470476A3F}
	EndGlobalSection
EndGlobal
